
Microsoft Visual Studio Solution File, Format Version 12.00
# Visual Studio Version 17
VisualStudioVersion = 17.0.32014.148
MinimumVisualStudioVersion = 10.0.40219.1
Project("{8BC9CEB8-8B4A-11D0-8D11-00A0C91BC942}") = "C Scripts", "C Scripts.vcxproj", "{EA9E4CFB-4396-40C5-8A04-289B6226143E}"
EndProject
Global
	GlobalSection(SolutionConfigurationPlatforms) = preSolution
		Debug|x64 = Debug|x64
		Debug|x86 = Debug|x86
		Release|x64 = Release|x64
		Release|x86 = Release|x86
	EndGlobalSection
	GlobalSection(ProjectConfigurationPlatforms) = postSolution
		{EA9E4CFB-4396-40C5-8A04-289B6226143E}.Debug|x64.ActiveCfg = Debug|x64
		{EA9E4CFB-4396-40C5-8A04-289B6226143E}.Debug|x64.Build.0 = Debug|x64
		{EA9E4CFB-4396-40C5-8A04-289B6226143E}.Debug|x86.ActiveCfg = Debug|Win32
		{EA9E4CFB-4396-40C5-8A04-289B6226143E}.Debug|x86.Build.0 = Debug|Win32
		{EA9E4CFB-4396-40C5-8A04-289B6226143E}.Release|x64.ActiveCfg = Release|x64
		{EA9E4CFB-4396-40C5-8A04-289B6226143E}.Release|x64.Build.0 = Release|x64
		{EA9E4CFB-4396-40C5-8A04-289B6226143E}.Release|x86.ActiveCfg = Release|Win32
		{EA9E4CFB-4396-40C5-8A04-289B6226143E}.Release|x86.Build.0 = Release|Win32
	EndGlobalSection
	GlobalSection(SolutionProperties) = preSolution
		HideSolutionNode = FALSE
	EndGlobalSection
	GlobalSection(ExtensibilityGlobals) = postSolution
		SolutionGuid = {F2E258E5-61AB-4895-9CDB-FA1FBEFC2B88}
	EndGlobalSection
EndGlobal
